
Microsoft Visual Studio Solution File, Format Version 12.00
# Visual Studio Version 17
VisualStudioVersion = 17.9.34616.47
MinimumVisualStudioVersion = 10.0.40219.1
Project("{FAE04EC0-301F-11D3-BF4B-00C04F79EFBC}") = "Bddgenerator", "Bddgenerator\Bddgenerator.csproj", "{B0D0399A-E00C-4FAE-9C30-27365BF48841}"
EndProject
Global
	GlobalSection(SolutionConfigurationPlatforms) = preSolution
		Debug|Any CPU = Debug|Any CPU
		Release|Any CPU = Release|Any CPU
	EndGlobalSection
	GlobalSection(ProjectConfigurationPlatforms) = postSolution
		{B0D0399A-E00C-4FAE-9C30-27365BF48841}.Debug|Any CPU.ActiveCfg = Debug|Any CPU
		{B0D0399A-E00C-4FAE-9C30-27365BF48841}.Debug|Any CPU.Build.0 = Debug|Any CPU
		{B0D0399A-E00C-4FAE-9C30-27365BF48841}.Release|Any CPU.ActiveCfg = Release|Any CPU
		{B0D0399A-E00C-4FAE-9C30-27365BF48841}.Release|Any CPU.Build.0 = Release|Any CPU
	EndGlobalSection
	GlobalSection(SolutionProperties) = preSolution
		HideSolutionNode = FALSE
	EndGlobalSection
	GlobalSection(ExtensibilityGlobals) = postSolution
		SolutionGuid = {0F1CAAAE-B81A-43D5-B135-2A7EE7E9B28B}
	EndGlobalSection
EndGlobal
